
Microsoft Visual Studio Solution File, Format Version 12.00
# Visual Studio Version 17
VisualStudioVersion = 17.3.32804.467
MinimumVisualStudioVersion = 10.0.40219.1
Project("{2150E333-8FDC-42A3-9474-1A3956D46DE8}") = "src", "src", "{02BDD236-E5CB-4F9F-B074-261BB3D16ED1}"
EndProject
Project("{2150E333-8FDC-42A3-9474-1A3956D46DE8}") = "tests", "tests", "{528F45D8-E33E-4E80-8A10-52AED8E0D5F6}"
EndProject
Project("{2150E333-8FDC-42A3-9474-1A3956D46DE8}") = "corePackages", "corePackages", "{8AF30665-FEAC-4CB4-8252-2C1069C868ED}"
EndProject
Project("{2150E333-8FDC-42A3-9474-1A3956D46DE8}") = "Projects", "Projects", "{9CB1A4B0-9CD8-4982-8DD6-0E236CAB4A50}"
EndProject
Project("{2150E333-8FDC-42A3-9474-1A3956D46DE8}") = "kodlamaioDevs", "kodlamaioDevs", "{880AD318-41FC-4874-99BD-D6453F4BE808}"
EndProject
Project("{9A19103F-16F7-4668-BE54-9A1E7A4F7556}") = "Core.Application", "src\corePackages\Core.Application\Core.Application.csproj", "{EA67B17D-21BE-44BC-93EF-232AA4951765}"
EndProject
Project("{9A19103F-16F7-4668-BE54-9A1E7A4F7556}") = "Core.CrossCuttingConcerns", "src\corePackages\Core.CrossCuttingConcerns\Core.CrossCuttingConcerns.csproj", "{1F324FBD-0D01-47A3-BB20-C28181387588}"
EndProject
Project("{9A19103F-16F7-4668-BE54-9A1E7A4F7556}") = "Core.ElasticSearch", "src\corePackages\Core.ElasticSearch\Core.ElasticSearch.csproj", "{88D73C69-6C0E-4C19-8AD3-A93D16E947A6}"
EndProject
Project("{9A19103F-16F7-4668-BE54-9A1E7A4F7556}") = "Core.Mailing", "src\corePackages\Core.Mailing\Core.Mailing.csproj", "{CD88AB68-C6AB-40A9-B432-0700B5067957}"
EndProject
Project("{9A19103F-16F7-4668-BE54-9A1E7A4F7556}") = "Core.Persistence", "src\corePackages\Core.Persistence\Core.Persistence.csproj", "{D391FBB3-5639-41B1-ACA5-5CE1BA60CB10}"
EndProject
Project("{9A19103F-16F7-4668-BE54-9A1E7A4F7556}") = "Core.Security", "src\corePackages\Core.Security\Core.Security.csproj", "{697843CC-EB82-4B11-A132-2A5282D45641}"
EndProject
Project("{FAE04EC0-301F-11D3-BF4B-00C04F79EFBC}") = "Application", "src\projects\kodlamaioDevs\Application\Application.csproj", "{7605209C-E687-473D-B830-46C9441964A4}"
EndProject
Project("{FAE04EC0-301F-11D3-BF4B-00C04F79EFBC}") = "Domain", "src\projects\kodlamaioDevs\Domain\Domain.csproj", "{E740A642-B2F4-4A64-8C3F-766ACC4288A5}"
EndProject
Project("{FAE04EC0-301F-11D3-BF4B-00C04F79EFBC}") = "Infrastructure", "src\projects\kodlamaioDevs\Infrastructure\Infrastructure.csproj", "{09E40324-9188-4D25-A5EC-B2AFE41F28A3}"
EndProject
Project("{FAE04EC0-301F-11D3-BF4B-00C04F79EFBC}") = "Persistence", "src\projects\kodlamaioDevs\Persistence\Persistence.csproj", "{424312F2-4F80-43AD-B433-7DC06BEB113E}"
EndProject
Project("{FAE04EC0-301F-11D3-BF4B-00C04F79EFBC}") = "WebAPI", "src\projects\kodlamaioDevs\WebAPI\WebAPI.csproj", "{AE7578DE-623E-4509-A04D-1FC79E3A9355}"
EndProject
Global
	GlobalSection(SolutionConfigurationPlatforms) = preSolution
		Debug|Any CPU = Debug|Any CPU
		Release|Any CPU = Release|Any CPU
	EndGlobalSection
	GlobalSection(ProjectConfigurationPlatforms) = postSolution
		{EA67B17D-21BE-44BC-93EF-232AA4951765}.Debug|Any CPU.ActiveCfg = Debug|Any CPU
		{EA67B17D-21BE-44BC-93EF-232AA4951765}.Debug|Any CPU.Build.0 = Debug|Any CPU
		{EA67B17D-21BE-44BC-93EF-232AA4951765}.Release|Any CPU.ActiveCfg = Release|Any CPU
		{EA67B17D-21BE-44BC-93EF-232AA4951765}.Release|Any CPU.Build.0 = Release|Any CPU
		{1F324FBD-0D01-47A3-BB20-C28181387588}.Debug|Any CPU.ActiveCfg = Debug|Any CPU
		{1F324FBD-0D01-47A3-BB20-C28181387588}.Debug|Any CPU.Build.0 = Debug|Any CPU
		{1F324FBD-0D01-47A3-BB20-C28181387588}.Release|Any CPU.ActiveCfg = Release|Any CPU
		{1F324FBD-0D01-47A3-BB20-C28181387588}.Release|Any CPU.Build.0 = Release|Any CPU
		{88D73C69-6C0E-4C19-8AD3-A93D16E947A6}.Debug|Any CPU.ActiveCfg = Debug|Any CPU
		{88D73C69-6C0E-4C19-8AD3-A93D16E947A6}.Debug|Any CPU.Build.0 = Debug|Any CPU
		{88D73C69-6C0E-4C19-8AD3-A93D16E947A6}.Release|Any CPU.ActiveCfg = Release|Any CPU
		{88D73C69-6C0E-4C19-8AD3-A93D16E947A6}.Release|Any CPU.Build.0 = Release|Any CPU
		{CD88AB68-C6AB-40A9-B432-0700B5067957}.Debug|Any CPU.ActiveCfg = Debug|Any CPU
		{CD88AB68-C6AB-40A9-B432-0700B5067957}.Debug|Any CPU.Build.0 = Debug|Any CPU
		{CD88AB68-C6AB-40A9-B432-0700B5067957}.Release|Any CPU.ActiveCfg = Release|Any CPU
		{CD88AB68-C6AB-40A9-B432-0700B5067957}.Release|Any CPU.Build.0 = Release|Any CPU
		{D391FBB3-5639-41B1-ACA5-5CE1BA60CB10}.Debug|Any CPU.ActiveCfg = Debug|Any CPU
		{D391FBB3-5639-41B1-ACA5-5CE1BA60CB10}.Debug|Any CPU.Build.0 = Debug|Any CPU
		{D391FBB3-5639-41B1-ACA5-5CE1BA60CB10}.Release|Any CPU.ActiveCfg = Release|Any CPU
		{D391FBB3-5639-41B1-ACA5-5CE1BA60CB10}.Release|Any CPU.Build.0 = Release|Any CPU
		{697843CC-EB82-4B11-A132-2A5282D45641}.Debug|Any CPU.ActiveCfg = Debug|Any CPU
		{697843CC-EB82-4B11-A132-2A5282D45641}.Debug|Any CPU.Build.0 = Debug|Any CPU
		{697843CC-EB82-4B11-A132-2A5282D45641}.Release|Any CPU.ActiveCfg = Release|Any CPU
		{697843CC-EB82-4B11-A132-2A5282D45641}.Release|Any CPU.Build.0 = Release|Any CPU
		{7605209C-E687-473D-B830-46C9441964A4}.Debug|Any CPU.ActiveCfg = Debug|Any CPU
		{7605209C-E687-473D-B830-46C9441964A4}.Debug|Any CPU.Build.0 = Debug|Any CPU
		{7605209C-E687-473D-B830-46C9441964A4}.Release|Any CPU.ActiveCfg = Release|Any CPU
		{7605209C-E687-473D-B830-46C9441964A4}.Release|Any CPU.Build.0 = Release|Any CPU
		{E740A642-B2F4-4A64-8C3F-766ACC4288A5}.Debug|Any CPU.ActiveCfg = Debug|Any CPU
		{E740A642-B2F4-4A64-8C3F-766ACC4288A5}.Debug|Any CPU.Build.0 = Debug|Any CPU
		{E740A642-B2F4-4A64-8C3F-766ACC4288A5}.Release|Any CPU.ActiveCfg = Release|Any CPU
		{E740A642-B2F4-4A64-8C3F-766ACC4288A5}.Release|Any CPU.Build.0 = Release|Any CPU
		{09E40324-9188-4D25-A5EC-B2AFE41F28A3}.Debug|Any CPU.ActiveCfg = Debug|Any CPU
		{09E40324-9188-4D25-A5EC-B2AFE41F28A3}.Debug|Any CPU.Build.0 = Debug|Any CPU
		{09E40324-9188-4D25-A5EC-B2AFE41F28A3}.Release|Any CPU.ActiveCfg = Release|Any CPU
		{09E40324-9188-4D25-A5EC-B2AFE41F28A3}.Release|Any CPU.Build.0 = Release|Any CPU
		{424312F2-4F80-43AD-B433-7DC06BEB113E}.Debug|Any CPU.ActiveCfg = Debug|Any CPU
		{424312F2-4F80-43AD-B433-7DC06BEB113E}.Debug|Any CPU.Build.0 = Debug|Any CPU
		{424312F2-4F80-43AD-B433-7DC06BEB113E}.Release|Any CPU.ActiveCfg = Release|Any CPU
		{424312F2-4F80-43AD-B433-7DC06BEB113E}.Release|Any CPU.Build.0 = Release|Any CPU
		{AE7578DE-623E-4509-A04D-1FC79E3A9355}.Debug|Any CPU.ActiveCfg = Debug|Any CPU
		{AE7578DE-623E-4509-A04D-1FC79E3A9355}.Debug|Any CPU.Build.0 = Debug|Any CPU
		{AE7578DE-623E-4509-A04D-1FC79E3A9355}.Release|Any CPU.ActiveCfg = Release|Any CPU
		{AE7578DE-623E-4509-A04D-1FC79E3A9355}.Release|Any CPU.Build.0 = Release|Any CPU
	EndGlobalSection
	GlobalSection(SolutionProperties) = preSolution
		HideSolutionNode = FALSE
	EndGlobalSection
	GlobalSection(NestedProjects) = preSolution
		{8AF30665-FEAC-4CB4-8252-2C1069C868ED} = {02BDD236-E5CB-4F9F-B074-261BB3D16ED1}
		{9CB1A4B0-9CD8-4982-8DD6-0E236CAB4A50} = {02BDD236-E5CB-4F9F-B074-261BB3D16ED1}
		{880AD318-41FC-4874-99BD-D6453F4BE808} = {9CB1A4B0-9CD8-4982-8DD6-0E236CAB4A50}
		{EA67B17D-21BE-44BC-93EF-232AA4951765} = {8AF30665-FEAC-4CB4-8252-2C1069C868ED}
		{1F324FBD-0D01-47A3-BB20-C28181387588} = {8AF30665-FEAC-4CB4-8252-2C1069C868ED}
		{88D73C69-6C0E-4C19-8AD3-A93D16E947A6} = {8AF30665-FEAC-4CB4-8252-2C1069C868ED}
		{CD88AB68-C6AB-40A9-B432-0700B5067957} = {8AF30665-FEAC-4CB4-8252-2C1069C868ED}
		{D391FBB3-5639-41B1-ACA5-5CE1BA60CB10} = {8AF30665-FEAC-4CB4-8252-2C1069C868ED}
		{697843CC-EB82-4B11-A132-2A5282D45641} = {8AF30665-FEAC-4CB4-8252-2C1069C868ED}
		{7605209C-E687-473D-B830-46C9441964A4} = {880AD318-41FC-4874-99BD-D6453F4BE808}
		{E740A642-B2F4-4A64-8C3F-766ACC4288A5} = {880AD318-41FC-4874-99BD-D6453F4BE808}
		{09E40324-9188-4D25-A5EC-B2AFE41F28A3} = {880AD318-41FC-4874-99BD-D6453F4BE808}
		{424312F2-4F80-43AD-B433-7DC06BEB113E} = {880AD318-41FC-4874-99BD-D6453F4BE808}
		{AE7578DE-623E-4509-A04D-1FC79E3A9355} = {880AD318-41FC-4874-99BD-D6453F4BE808}
	EndGlobalSection
	GlobalSection(ExtensibilityGlobals) = postSolution
		SolutionGuid = {3C546F80-A759-4114-B55D-AF55EA4754B5}
	EndGlobalSection
EndGlobal
